// !$*UTF8*$!
{
	archiveVersion = 1;
	classes = {
	};
	objectVersion = 56;
	objects = {

/* Begin PBXBuildFile section */
		044C070529C73793007FD191 /* AppDelegate.swift in Sources */ = {isa = PBXBuildFile; fileRef = 044C070429C73793007FD191 /* AppDelegate.swift */; };
		044C070729C73793007FD191 /* SceneDelegate.swift in Sources */ = {isa = PBXBuildFile; fileRef = 044C070629C73793007FD191 /* SceneDelegate.swift */; };
		044C070C29C73793007FD191 /* Main.storyboard in Resources */ = {isa = PBXBuildFile; fileRef = 044C070A29C73793007FD191 /* Main.storyboard */; };
		044C070E29C73795007FD191 /* Assets.xcassets in Resources */ = {isa = PBXBuildFile; fileRef = 044C070D29C73795007FD191 /* Assets.xcassets */; };
		044C071129C73795007FD191 /* LaunchScreen.storyboard in Resources */ = {isa = PBXBuildFile; fileRef = 044C070F29C73795007FD191 /* LaunchScreen.storyboard */; };
		044C071C29C73795007FD191 /* VMediaDemoTests.swift in Sources */ = {isa = PBXBuildFile; fileRef = 044C071B29C73795007FD191 /* VMediaDemoTests.swift */; };
		044C072629C73795007FD191 /* VMediaDemoUITests.swift in Sources */ = {isa = PBXBuildFile; fileRef = 044C072529C73795007FD191 /* VMediaDemoUITests.swift */; };
		044C072829C73795007FD191 /* VMediaDemoUITestsLaunchTests.swift in Sources */ = {isa = PBXBuildFile; fileRef = 044C072729C73795007FD191 /* VMediaDemoUITestsLaunchTests.swift */; };
		044C073E29C73A2C007FD191 /* ChannelLisViewController.swift in Sources */ = {isa = PBXBuildFile; fileRef = 044C073D29C73A2C007FD191 /* ChannelLisViewController.swift */; };
		044C074029C73A37007FD191 /* ChannelListInteractor.swift in Sources */ = {isa = PBXBuildFile; fileRef = 044C073F29C73A37007FD191 /* ChannelListInteractor.swift */; };
		044C074229C73A3D007FD191 /* ChannelListRouter.swift in Sources */ = {isa = PBXBuildFile; fileRef = 044C074129C73A3D007FD191 /* ChannelListRouter.swift */; };
		044C074429C73A43007FD191 /* ChannelListPresenter.swift in Sources */ = {isa = PBXBuildFile; fileRef = 044C074329C73A43007FD191 /* ChannelListPresenter.swift */; };
		044C074629C73A4B007FD191 /* ChannelListContract.swift in Sources */ = {isa = PBXBuildFile; fileRef = 044C074529C73A4B007FD191 /* ChannelListContract.swift */; };
		044C074929C73B7F007FD191 /* Channel.swift in Sources */ = {isa = PBXBuildFile; fileRef = 044C074829C73B7F007FD191 /* Channel.swift */; };
		044C074B29C7425F007FD191 /* ProgramItem.swift in Sources */ = {isa = PBXBuildFile; fileRef = 044C074A29C7425F007FD191 /* ProgramItem.swift */; };
		044C074D29C74392007FD191 /* APIManager.swift in Sources */ = {isa = PBXBuildFile; fileRef = 044C074C29C74392007FD191 /* APIManager.swift */; };
		044C074F29C743E2007FD191 /* APIClient.swift in Sources */ = {isa = PBXBuildFile; fileRef = 044C074E29C743E2007FD191 /* APIClient.swift */; };
		044C075229C7441B007FD191 /* ChannelListService.swift in Sources */ = {isa = PBXBuildFile; fileRef = 044C075129C7441B007FD191 /* ChannelListService.swift */; };
		044C075729C744A2007FD191 /* EndPoints.swift in Sources */ = {isa = PBXBuildFile; fileRef = 044C075629C744A2007FD191 /* EndPoints.swift */; };
		044C075929C74B50007FD191 /* ProgramItemListService.swift in Sources */ = {isa = PBXBuildFile; fileRef = 044C075829C74B50007FD191 /* ProgramItemListService.swift */; };
		044C075B29C75BF7007FD191 /* StickyGridCollectionViewLayout.swift in Sources */ = {isa = PBXBuildFile; fileRef = 044C075A29C75BF7007FD191 /* StickyGridCollectionViewLayout.swift */; };
		044C075E29C8247A007FD191 /* ChannelCollectionViewCell.swift in Sources */ = {isa = PBXBuildFile; fileRef = 044C075D29C8247A007FD191 /* ChannelCollectionViewCell.swift */; };
		04A09FF629C83C0700DFF3FC /* ChannelModel.swift in Sources */ = {isa = PBXBuildFile; fileRef = 04A09FF529C83C0700DFF3FC /* ChannelModel.swift */; };
/* End PBXBuildFile section */

/* Begin PBXContainerItemProxy section */
		044C071829C73795007FD191 /* PBXContainerItemProxy */ = {
			isa = PBXContainerItemProxy;
			containerPortal = 044C06F929C73793007FD191 /* Project object */;
			proxyType = 1;
			remoteGlobalIDString = 044C070029C73793007FD191;
			remoteInfo = VMediaDemo;
		};
		044C072229C73795007FD191 /* PBXContainerItemProxy */ = {
			isa = PBXContainerItemProxy;
			containerPortal = 044C06F929C73793007FD191 /* Project object */;
			proxyType = 1;
			remoteGlobalIDString = 044C070029C73793007FD191;
			remoteInfo = VMediaDemo;
		};
/* End PBXContainerItemProxy section */

/* Begin PBXFileReference section */
		044C070129C73793007FD191 /* VMediaDemo.app */ = {isa = PBXFileReference; explicitFileType = wrapper.application; includeInIndex = 0; path = VMediaDemo.app; sourceTree = BUILT_PRODUCTS_DIR; };
		044C070429C73793007FD191 /* AppDelegate.swift */ = {isa = PBXFileReference; lastKnownFileType = sourcecode.swift; path = AppDelegate.swift; sourceTree = "<group>"; };
		044C070629C73793007FD191 /* SceneDelegate.swift */ = {isa = PBXFileReference; lastKnownFileType = sourcecode.swift; path = SceneDelegate.swift; sourceTree = "<group>"; };
		044C070B29C73793007FD191 /* Base */ = {isa = PBXFileReference; lastKnownFileType = file.storyboard; name = Base; path = Base.lproj/Main.storyboard; sourceTree = "<group>"; };
		044C070D29C73795007FD191 /* Assets.xcassets */ = {isa = PBXFileReference; lastKnownFileType = folder.assetcatalog; path = Assets.xcassets; sourceTree = "<group>"; };
		044C071029C73795007FD191 /* Base */ = {isa = PBXFileReference; lastKnownFileType = file.storyboard; name = Base; path = Base.lproj/LaunchScreen.storyboard; sourceTree = "<group>"; };
		044C071229C73795007FD191 /* Info.plist */ = {isa = PBXFileReference; lastKnownFileType = text.plist.xml; path = Info.plist; sourceTree = "<group>"; };
		044C071729C73795007FD191 /* VMediaDemoTests.xctest */ = {isa = PBXFileReference; explicitFileType = wrapper.cfbundle; includeInIndex = 0; path = VMediaDemoTests.xctest; sourceTree = BUILT_PRODUCTS_DIR; };
		044C071B29C73795007FD191 /* VMediaDemoTests.swift */ = {isa = PBXFileReference; lastKnownFileType = sourcecode.swift; path = VMediaDemoTests.swift; sourceTree = "<group>"; };
		044C072129C73795007FD191 /* VMediaDemoUITests.xctest */ = {isa = PBXFileReference; explicitFileType = wrapper.cfbundle; includeInIndex = 0; path = VMediaDemoUITests.xctest; sourceTree = BUILT_PRODUCTS_DIR; };
		044C072529C73795007FD191 /* VMediaDemoUITests.swift */ = {isa = PBXFileReference; lastKnownFileType = sourcecode.swift; path = VMediaDemoUITests.swift; sourceTree = "<group>"; };
		044C072729C73795007FD191 /* VMediaDemoUITestsLaunchTests.swift */ = {isa = PBXFileReference; lastKnownFileType = sourcecode.swift; path = VMediaDemoUITestsLaunchTests.swift; sourceTree = "<group>"; };
		044C073D29C73A2C007FD191 /* ChannelLisViewController.swift */ = {isa = PBXFileReference; lastKnownFileType = sourcecode.swift; path = ChannelLisViewController.swift; sourceTree = "<group>"; };
		044C073F29C73A37007FD191 /* ChannelListInteractor.swift */ = {isa = PBXFileReference; lastKnownFileType = sourcecode.swift; path = ChannelListInteractor.swift; sourceTree = "<group>"; };
		044C074129C73A3D007FD191 /* ChannelListRouter.swift */ = {isa = PBXFileReference; lastKnownFileType = sourcecode.swift; path = ChannelListRouter.swift; sourceTree = "<group>"; };
		044C074329C73A43007FD191 /* ChannelListPresenter.swift */ = {isa = PBXFileReference; lastKnownFileType = sourcecode.swift; path = ChannelListPresenter.swift; sourceTree = "<group>"; };
		044C074529C73A4B007FD191 /* ChannelListContract.swift */ = {isa = PBXFileReference; lastKnownFileType = sourcecode.swift; path = ChannelListContract.swift; sourceTree = "<group>"; };
		044C074829C73B7F007FD191 /* Channel.swift */ = {isa = PBXFileReference; lastKnownFileType = sourcecode.swift; path = Channel.swift; sourceTree = "<group>"; };
		044C074A29C7425F007FD191 /* ProgramItem.swift */ = {isa = PBXFileReference; lastKnownFileType = sourcecode.swift; path = ProgramItem.swift; sourceTree = "<group>"; };
		044C074C29C74392007FD191 /* APIManager.swift */ = {isa = PBXFileReference; lastKnownFileType = sourcecode.swift; path = APIManager.swift; sourceTree = "<group>"; };
		044C074E29C743E2007FD191 /* APIClient.swift */ = {isa = PBXFileReference; lastKnownFileType = sourcecode.swift; path = APIClient.swift; sourceTree = "<group>"; };
		044C075129C7441B007FD191 /* ChannelListService.swift */ = {isa = PBXFileReference; lastKnownFileType = sourcecode.swift; path = ChannelListService.swift; sourceTree = "<group>"; };
		044C075629C744A2007FD191 /* EndPoints.swift */ = {isa = PBXFileReference; lastKnownFileType = sourcecode.swift; path = EndPoints.swift; sourceTree = "<group>"; };
		044C075829C74B50007FD191 /* ProgramItemListService.swift */ = {isa = PBXFileReference; lastKnownFileType = sourcecode.swift; path = ProgramItemListService.swift; sourceTree = "<group>"; };
		044C075A29C75BF7007FD191 /* StickyGridCollectionViewLayout.swift */ = {isa = PBXFileReference; lastKnownFileType = sourcecode.swift; path = StickyGridCollectionViewLayout.swift; sourceTree = "<group>"; };
		044C075D29C8247A007FD191 /* ChannelCollectionViewCell.swift */ = {isa = PBXFileReference; lastKnownFileType = sourcecode.swift; path = ChannelCollectionViewCell.swift; sourceTree = "<group>"; };
		04A09FF529C83C0700DFF3FC /* ChannelModel.swift */ = {isa = PBXFileReference; lastKnownFileType = sourcecode.swift; path = ChannelModel.swift; sourceTree = "<group>"; };
/* End PBXFileReference section */

/* Begin PBXFrameworksBuildPhase section */
		044C06FE29C73793007FD191 /* Frameworks */ = {
			isa = PBXFrameworksBuildPhase;
			buildActionMask = 2147483647;
			files = (
			);
			runOnlyForDeploymentPostprocessing = 0;
		};
		044C071429C73795007FD191 /* Frameworks */ = {
			isa = PBXFrameworksBuildPhase;
			buildActionMask = 2147483647;
			files = (
			);
			runOnlyForDeploymentPostprocessing = 0;
		};
		044C071E29C73795007FD191 /* Frameworks */ = {
			isa = PBXFrameworksBuildPhase;
			buildActionMask = 2147483647;
			files = (
			);
			runOnlyForDeploymentPostprocessing = 0;
		};
/* End PBXFrameworksBuildPhase section */

/* Begin PBXGroup section */
		044C06F829C73793007FD191 = {
			isa = PBXGroup;
			children = (
				044C070329C73793007FD191 /* VMediaDemo */,
				044C071A29C73795007FD191 /* VMediaDemoTests */,
				044C072429C73795007FD191 /* VMediaDemoUITests */,
				044C070229C73793007FD191 /* Products */,
			);
			sourceTree = "<group>";
		};
		044C070229C73793007FD191 /* Products */ = {
			isa = PBXGroup;
			children = (
				044C070129C73793007FD191 /* VMediaDemo.app */,
				044C071729C73795007FD191 /* VMediaDemoTests.xctest */,
				044C072129C73795007FD191 /* VMediaDemoUITests.xctest */,
			);
			name = Products;
			sourceTree = "<group>";
		};
		044C070329C73793007FD191 /* VMediaDemo */ = {
			isa = PBXGroup;
			children = (
				044C075029C74404007FD191 /* Services */,
				044C073B29C73919007FD191 /* App */,
				044C073A29C73910007FD191 /* Common */,
				044C073629C738C9007FD191 /* Managers */,
				044C073529C738BB007FD191 /* Modules */,
				044C073429C73888007FD191 /* Model */,
				044C073929C738FF007FD191 /* Storyboards */,
				044C073829C738F7007FD191 /* Supporting Files */,
				044C073729C738ED007FD191 /* Resources */,
			);
			path = VMediaDemo;
			sourceTree = "<group>";
		};
		044C071A29C73795007FD191 /* VMediaDemoTests */ = {
			isa = PBXGroup;
			children = (
				044C071B29C73795007FD191 /* VMediaDemoTests.swift */,
			);
			path = VMediaDemoTests;
			sourceTree = "<group>";
		};
		044C072429C73795007FD191 /* VMediaDemoUITests */ = {
			isa = PBXGroup;
			children = (
				044C072529C73795007FD191 /* VMediaDemoUITests.swift */,
				044C072729C73795007FD191 /* VMediaDemoUITestsLaunchTests.swift */,
			);
			path = VMediaDemoUITests;
			sourceTree = "<group>";
		};
		044C073429C73888007FD191 /* Model */ = {
			isa = PBXGroup;
			children = (
			);
			path = Model;
			sourceTree = "<group>";
		};
		044C073529C738BB007FD191 /* Modules */ = {
			isa = PBXGroup;
			children = (
				044C073C29C739E7007FD191 /* ChannelList */,
			);
			path = Modules;
			sourceTree = "<group>";
		};
		044C073629C738C9007FD191 /* Managers */ = {
			isa = PBXGroup;
			children = (
				044C074C29C74392007FD191 /* APIManager.swift */,
				044C074E29C743E2007FD191 /* APIClient.swift */,
			);
			path = Managers;
			sourceTree = "<group>";
		};
		044C073729C738ED007FD191 /* Resources */ = {
			isa = PBXGroup;
			children = (
				044C070D29C73795007FD191 /* Assets.xcassets */,
			);
			path = Resources;
			sourceTree = "<group>";
		};
		044C073829C738F7007FD191 /* Supporting Files */ = {
			isa = PBXGroup;
			children = (
				044C071229C73795007FD191 /* Info.plist */,
				044C070F29C73795007FD191 /* LaunchScreen.storyboard */,
			);
			path = "Supporting Files";
			sourceTree = "<group>";
		};
		044C073929C738FF007FD191 /* Storyboards */ = {
			isa = PBXGroup;
			children = (
				044C070A29C73793007FD191 /* Main.storyboard */,
			);
			path = Storyboards;
			sourceTree = "<group>";
		};
		044C073A29C73910007FD191 /* Common */ = {
			isa = PBXGroup;
			children = (
				044C075529C7449D007FD191 /* EndPoints */,
				044C074729C73B3B007FD191 /* Entities */,
			);
			path = Common;
			sourceTree = "<group>";
		};
		044C073B29C73919007FD191 /* App */ = {
			isa = PBXGroup;
			children = (
				044C070629C73793007FD191 /* SceneDelegate.swift */,
				044C070429C73793007FD191 /* AppDelegate.swift */,
			);
			path = App;
			sourceTree = "<group>";
		};
		044C073C29C739E7007FD191 /* ChannelList */ = {
			isa = PBXGroup;
			children = (
				044C075C29C82459007FD191 /* Cell */,
				044C073D29C73A2C007FD191 /* ChannelLisViewController.swift */,
				044C073F29C73A37007FD191 /* ChannelListInteractor.swift */,
				044C074129C73A3D007FD191 /* ChannelListRouter.swift */,
				04A09FF529C83C0700DFF3FC /* ChannelModel.swift */,
				044C074329C73A43007FD191 /* ChannelListPresenter.swift */,
				044C074529C73A4B007FD191 /* ChannelListContract.swift */,
				044C075A29C75BF7007FD191 /* StickyGridCollectionViewLayout.swift */,
			);
			path = ChannelList;
			sourceTree = "<group>";
		};
		044C074729C73B3B007FD191 /* Entities */ = {
			isa = PBXGroup;
			children = (
				044C074829C73B7F007FD191 /* Channel.swift */,
				044C074A29C7425F007FD191 /* ProgramItem.swift */,
			);
			path = Entities;
			sourceTree = "<group>";
		};
		044C075029C74404007FD191 /* Services */ = {
			isa = PBXGroup;
			children = (
				044C075129C7441B007FD191 /* ChannelListService.swift */,
				044C075829C74B50007FD191 /* ProgramItemListService.swift */,
			);
			path = Services;
			sourceTree = "<group>";
		};
		044C075529C7449D007FD191 /* EndPoints */ = {
			isa = PBXGroup;
			children = (
				044C075629C744A2007FD191 /* EndPoints.swift */,
			);
			path = EndPoints;
			sourceTree = "<group>";
		};
		044C075C29C82459007FD191 /* Cell */ = {
			isa = PBXGroup;
			children = (
				044C075D29C8247A007FD191 /* ChannelCollectionViewCell.swift */,
			);
			path = Cell;
			sourceTree = "<group>";
		};
/* End PBXGroup section */

/* Begin PBXNativeTarget section */
		044C070029C73793007FD191 /* VMediaDemo */ = {
			isa = PBXNativeTarget;
			buildConfigurationList = 044C072B29C73795007FD191 /* Build configuration list for PBXNativeTarget "VMediaDemo" */;
			buildPhases = (
				044C06FD29C73793007FD191 /* Sources */,
				044C06FE29C73793007FD191 /* Frameworks */,
				044C06FF29C73793007FD191 /* Resources */,
			);
			buildRules = (
			);
			dependencies = (
			);
			name = VMediaDemo;
			productName = VMediaDemo;
			productReference = 044C070129C73793007FD191 /* VMediaDemo.app */;
			productType = "com.apple.product-type.application";
		};
		044C071629C73795007FD191 /* VMediaDemoTests */ = {
			isa = PBXNativeTarget;
			buildConfigurationList = 044C072E29C73795007FD191 /* Build configuration list for PBXNativeTarget "VMediaDemoTests" */;
			buildPhases = (
				044C071329C73795007FD191 /* Sources */,
				044C071429C73795007FD191 /* Frameworks */,
				044C071529C73795007FD191 /* Resources */,
			);
			buildRules = (
			);
			dependencies = (
				044C071929C73795007FD191 /* PBXTargetDependency */,
			);
			name = VMediaDemoTests;
			productName = VMediaDemoTests;
			productReference = 044C071729C73795007FD191 /* VMediaDemoTests.xctest */;
			productType = "com.apple.product-type.bundle.unit-test";
		};
		044C072029C73795007FD191 /* VMediaDemoUITests */ = {
			isa = PBXNativeTarget;
			buildConfigurationList = 044C073129C73795007FD191 /* Build configuration list for PBXNativeTarget "VMediaDemoUITests" */;
			buildPhases = (
				044C071D29C73795007FD191 /* Sources */,
				044C071E29C73795007FD191 /* Frameworks */,
				044C071F29C73795007FD191 /* Resources */,
			);
			buildRules = (
			);
			dependencies = (
				044C072329C73795007FD191 /* PBXTargetDependency */,
			);
			name = VMediaDemoUITests;
			productName = VMediaDemoUITests;
			productReference = 044C072129C73795007FD191 /* VMediaDemoUITests.xctest */;
			productType = "com.apple.product-type.bundle.ui-testing";
		};
/* End PBXNativeTarget section */

/* Begin PBXProject section */
		044C06F929C73793007FD191 /* Project object */ = {
			isa = PBXProject;
			attributes = {
				BuildIndependentTargetsInParallel = 1;
				LastSwiftUpdateCheck = 1400;
				LastUpgradeCheck = 1400;
				TargetAttributes = {
					044C070029C73793007FD191 = {
						CreatedOnToolsVersion = 14.0.1;
					};
					044C071629C73795007FD191 = {
						CreatedOnToolsVersion = 14.0.1;
						TestTargetID = 044C070029C73793007FD191;
					};
					044C072029C73795007FD191 = {
						CreatedOnToolsVersion = 14.0.1;
						TestTargetID = 044C070029C73793007FD191;
					};
				};
			};
			buildConfigurationList = 044C06FC29C73793007FD191 /* Build configuration list for PBXProject "VMediaDemo" */;
			compatibilityVersion = "Xcode 14.0";
			developmentRegion = en;
			hasScannedForEncodings = 0;
			knownRegions = (
				en,
				Base,
			);
			mainGroup = 044C06F829C73793007FD191;
			productRefGroup = 044C070229C73793007FD191 /* Products */;
			projectDirPath = "";
			projectRoot = "";
			targets = (
				044C070029C73793007FD191 /* VMediaDemo */,
				044C071629C73795007FD191 /* VMediaDemoTests */,
				044C072029C73795007FD191 /* VMediaDemoUITests */,
			);
		};
/* End PBXProject section */

/* Begin PBXResourcesBuildPhase section */
		044C06FF29C73793007FD191 /* Resources */ = {
			isa = PBXResourcesBuildPhase;
			buildActionMask = 2147483647;
			files = (
				044C071129C73795007FD191 /* LaunchScreen.storyboard in Resources */,
				044C070E29C73795007FD191 /* Assets.xcassets in Resources */,
				044C070C29C73793007FD191 /* Main.storyboard in Resources */,
			);
			runOnlyForDeploymentPostprocessing = 0;
		};
		044C071529C73795007FD191 /* Resources */ = {
			isa = PBXResourcesBuildPhase;
			buildActionMask = 2147483647;
			files = (
			);
			runOnlyForDeploymentPostprocessing = 0;
		};
		044C071F29C73795007FD191 /* Resources */ = {
			isa = PBXResourcesBuildPhase;
			buildActionMask = 2147483647;
			files = (
			);
			runOnlyForDeploymentPostprocessing = 0;
		};
/* End PBXResourcesBuildPhase section */

/* Begin PBXSourcesBuildPhase section */
		044C06FD29C73793007FD191 /* Sources */ = {
			isa = PBXSourcesBuildPhase;
			buildActionMask = 2147483647;
			files = (
				044C074629C73A4B007FD191 /* ChannelListContract.swift in Sources */,
				044C075B29C75BF7007FD191 /* StickyGridCollectionViewLayout.swift in Sources */,
				044C075929C74B50007FD191 /* ProgramItemListService.swift in Sources */,
				044C074B29C7425F007FD191 /* ProgramItem.swift in Sources */,
				044C074D29C74392007FD191 /* APIManager.swift in Sources */,
				044C074929C73B7F007FD191 /* Channel.swift in Sources */,
				044C073E29C73A2C007FD191 /* ChannelLisViewController.swift in Sources */,
				044C074F29C743E2007FD191 /* APIClient.swift in Sources */,
				044C070529C73793007FD191 /* AppDelegate.swift in Sources */,
				044C074429C73A43007FD191 /* ChannelListPresenter.swift in Sources */,
				04A09FF629C83C0700DFF3FC /* ChannelModel.swift in Sources */,
				044C075E29C8247A007FD191 /* ChannelCollectionViewCell.swift in Sources */,
				044C074029C73A37007FD191 /* ChannelListInteractor.swift in Sources */,
				044C075729C744A2007FD191 /* EndPoints.swift in Sources */,
				044C075229C7441B007FD191 /* ChannelListService.swift in Sources */,
				044C070729C73793007FD191 /* SceneDelegate.swift in Sources */,
				044C074229C73A3D007FD191 /* ChannelListRouter.swift in Sources */,
			);
			runOnlyForDeploymentPostprocessing = 0;
		};
		044C071329C73795007FD191 /* Sources */ = {
			isa = PBXSourcesBuildPhase;
			buildActionMask = 2147483647;
			files = (
				044C071C29C73795007FD191 /* VMediaDemoTests.swift in Sources */,
			);
			runOnlyForDeploymentPostprocessing = 0;
		};
		044C071D29C73795007FD191 /* Sources */ = {
			isa = PBXSourcesBuildPhase;
			buildActionMask = 2147483647;
			files = (
				044C072629C73795007FD191 /* VMediaDemoUITests.swift in Sources */,
				044C072829C73795007FD191 /* VMediaDemoUITestsLaunchTests.swift in Sources */,
			);
			runOnlyForDeploymentPostprocessing = 0;
		};
/* End PBXSourcesBuildPhase section */

/* Begin PBXTargetDependency section */
		044C071929C73795007FD191 /* PBXTargetDependency */ = {
			isa = PBXTargetDependency;
			target = 044C070029C73793007FD191 /* VMediaDemo */;
			targetProxy = 044C071829C73795007FD191 /* PBXContainerItemProxy */;
		};
		044C072329C73795007FD191 /* PBXTargetDependency */ = {
			isa = PBXTargetDependency;
			target = 044C070029C73793007FD191 /* VMediaDemo */;
			targetProxy = 044C072229C73795007FD191 /* PBXContainerItemProxy */;
		};
/* End PBXTargetDependency section */

/* Begin PBXVariantGroup section */
		044C070A29C73793007FD191 /* Main.storyboard */ = {
			isa = PBXVariantGroup;
			children = (
				044C070B29C73793007FD191 /* Base */,
			);
			name = Main.storyboard;
			sourceTree = "<group>";
		};
		044C070F29C73795007FD191 /* LaunchScreen.storyboard */ = {
			isa = PBXVariantGroup;
			children = (
				044C071029C73795007FD191 /* Base */,
			);
			name = LaunchScreen.storyboard;
			sourceTree = "<group>";
		};
/* End PBXVariantGroup section */

/* Begin XCBuildConfiguration section */
		044C072929C73795007FD191 /* Debug */ = {
			isa = XCBuildConfiguration;
			buildSettings = {
				ALWAYS_SEARCH_USER_PATHS = NO;
				CLANG_ANALYZER_NONNULL = YES;
				CLANG_ANALYZER_NUMBER_OBJECT_CONVERSION = YES_AGGRESSIVE;
				CLANG_CXX_LANGUAGE_STANDARD = "gnu++20";
				CLANG_ENABLE_MODULES = YES;
				CLANG_ENABLE_OBJC_ARC = YES;
				CLANG_ENABLE_OBJC_WEAK = YES;
				CLANG_WARN_BLOCK_CAPTURE_AUTORELEASING = YES;
				CLANG_WARN_BOOL_CONVERSION = YES;
				CLANG_WARN_COMMA = YES;
				CLANG_WARN_CONSTANT_CONVERSION = YES;
				CLANG_WARN_DEPRECATED_OBJC_IMPLEMENTATIONS = YES;
				CLANG_WARN_DIRECT_OBJC_ISA_USAGE = YES_ERROR;
				CLANG_WARN_DOCUMENTATION_COMMENTS = YES;
				CLANG_WARN_EMPTY_BODY = YES;
				CLANG_WARN_ENUM_CONVERSION = YES;
				CLANG_WARN_INFINITE_RECURSION = YES;
				CLANG_WARN_INT_CONVERSION = YES;
				CLANG_WARN_NON_LITERAL_NULL_CONVERSION = YES;
				CLANG_WARN_OBJC_IMPLICIT_RETAIN_SELF = YES;
				CLANG_WARN_OBJC_LITERAL_CONVERSION = YES;
				CLANG_WARN_OBJC_ROOT_CLASS = YES_ERROR;
				CLANG_WARN_QUOTED_INCLUDE_IN_FRAMEWORK_HEADER = YES;
				CLANG_WARN_RANGE_LOOP_ANALYSIS = YES;
				CLANG_WARN_STRICT_PROTOTYPES = YES;
				CLANG_WARN_SUSPICIOUS_MOVE = YES;
				CLANG_WARN_UNGUARDED_AVAILABILITY = YES_AGGRESSIVE;
				CLANG_WARN_UNREACHABLE_CODE = YES;
				CLANG_WARN__DUPLICATE_METHOD_MATCH = YES;
				COPY_PHASE_STRIP = NO;
				DEBUG_INFORMATION_FORMAT = dwarf;
				ENABLE_STRICT_OBJC_MSGSEND = YES;
				ENABLE_TESTABILITY = YES;
				GCC_C_LANGUAGE_STANDARD = gnu11;
				GCC_DYNAMIC_NO_PIC = NO;
				GCC_NO_COMMON_BLOCKS = YES;
				GCC_OPTIMIZATION_LEVEL = 0;
				GCC_PREPROCESSOR_DEFINITIONS = (
					"DEBUG=1",
					"$(inherited)",
				);
				GCC_WARN_64_TO_32_BIT_CONVERSION = YES;
				GCC_WARN_ABOUT_RETURN_TYPE = YES_ERROR;
				GCC_WARN_UNDECLARED_SELECTOR = YES;
				GCC_WARN_UNINITIALIZED_AUTOS = YES_AGGRESSIVE;
				GCC_WARN_UNUSED_FUNCTION = YES;
				GCC_WARN_UNUSED_VARIABLE = YES;
				IPHONEOS_DEPLOYMENT_TARGET = 14.0;
				MTL_ENABLE_DEBUG_INFO = INCLUDE_SOURCE;
				MTL_FAST_MATH = YES;
				ONLY_ACTIVE_ARCH = YES;
				SDKROOT = iphoneos;
				SWIFT_ACTIVE_COMPILATION_CONDITIONS = DEBUG;
				SWIFT_OPTIMIZATION_LEVEL = "-Onone";
			};
			name = Debug;
		};
		044C072A29C73795007FD191 /* Release */ = {
			isa = XCBuildConfiguration;
			buildSettings = {
				ALWAYS_SEARCH_USER_PATHS = NO;
				CLANG_ANALYZER_NONNULL = YES;
				CLANG_ANALYZER_NUMBER_OBJECT_CONVERSION = YES_AGGRESSIVE;
				CLANG_CXX_LANGUAGE_STANDARD = "gnu++20";
				CLANG_ENABLE_MODULES = YES;
				CLANG_ENABLE_OBJC_ARC = YES;
				CLANG_ENABLE_OBJC_WEAK = YES;
				CLANG_WARN_BLOCK_CAPTURE_AUTORELEASING = YES;
				CLANG_WARN_BOOL_CONVERSION = YES;
				CLANG_WARN_COMMA = YES;
				CLANG_WARN_CONSTANT_CONVERSION = YES;
				CLANG_WARN_DEPRECATED_OBJC_IMPLEMENTATIONS = YES;
				CLANG_WARN_DIRECT_OBJC_ISA_USAGE = YES_ERROR;
				CLANG_WARN_DOCUMENTATION_COMMENTS = YES;
				CLANG_WARN_EMPTY_BODY = YES;
				CLANG_WARN_ENUM_CONVERSION = YES;
				CLANG_WARN_INFINITE_RECURSION = YES;
				CLANG_WARN_INT_CONVERSION = YES;
				CLANG_WARN_NON_LITERAL_NULL_CONVERSION = YES;
				CLANG_WARN_OBJC_IMPLICIT_RETAIN_SELF = YES;
				CLANG_WARN_OBJC_LITERAL_CONVERSION = YES;
				CLANG_WARN_OBJC_ROOT_CLASS = YES_ERROR;
				CLANG_WARN_QUOTED_INCLUDE_IN_FRAMEWORK_HEADER = YES;
				CLANG_WARN_RANGE_LOOP_ANALYSIS = YES;
				CLANG_WARN_STRICT_PROTOTYPES = YES;
				CLANG_WARN_SUSPICIOUS_MOVE = YES;
				CLANG_WARN_UNGUARDED_AVAILABILITY = YES_AGGRESSIVE;
				CLANG_WARN_UNREACHABLE_CODE = YES;
				CLANG_WARN__DUPLICATE_METHOD_MATCH = YES;
				COPY_PHASE_STRIP = NO;
				DEBUG_INFORMATION_FORMAT = "dwarf-with-dsym";
				ENABLE_NS_ASSERTIONS = NO;
				ENABLE_STRICT_OBJC_MSGSEND = YES;
				GCC_C_LANGUAGE_STANDARD = gnu11;
				GCC_NO_COMMON_BLOCKS = YES;
				GCC_WARN_64_TO_32_BIT_CONVERSION = YES;
				GCC_WARN_ABOUT_RETURN_TYPE = YES_ERROR;
				GCC_WARN_UNDECLARED_SELECTOR = YES;
				GCC_WARN_UNINITIALIZED_AUTOS = YES_AGGRESSIVE;
				GCC_WARN_UNUSED_FUNCTION = YES;
				GCC_WARN_UNUSED_VARIABLE = YES;
				IPHONEOS_DEPLOYMENT_TARGET = 14.0;
				MTL_ENABLE_DEBUG_INFO = NO;
				MTL_FAST_MATH = YES;
				SDKROOT = iphoneos;
				SWIFT_COMPILATION_MODE = wholemodule;
				SWIFT_OPTIMIZATION_LEVEL = "-O";
				VALIDATE_PRODUCT = YES;
			};
			name = Release;
		};
		044C072C29C73795007FD191 /* Debug */ = {
			isa = XCBuildConfiguration;
			buildSettings = {
				ASSETCATALOG_COMPILER_APPICON_NAME = AppIcon;
				ASSETCATALOG_COMPILER_GLOBAL_ACCENT_COLOR_NAME = AccentColor;
				CODE_SIGN_STYLE = Automatic;
				CURRENT_PROJECT_VERSION = 1;
				GENERATE_INFOPLIST_FILE = YES;
				INFOPLIST_FILE = "VMediaDemo/Supporting files/Info.plist";
				INFOPLIST_KEY_UIApplicationSupportsIndirectInputEvents = YES;
				INFOPLIST_KEY_UILaunchStoryboardName = LaunchScreen;
				INFOPLIST_KEY_UIMainStoryboardFile = Main;
				INFOPLIST_KEY_UISupportedInterfaceOrientations_iPad = "UIInterfaceOrientationPortrait UIInterfaceOrientationPortraitUpsideDown UIInterfaceOrientationLandscapeLeft UIInterfaceOrientationLandscapeRight";
				INFOPLIST_KEY_UISupportedInterfaceOrientations_iPhone = "UIInterfaceOrientationPortrait UIInterfaceOrientationLandscapeLeft UIInterfaceOrientationLandscapeRight";
				LD_RUNPATH_SEARCH_PATHS = (
					"$(inherited)",
					"@executable_path/Frameworks",
				);
				MARKETING_VERSION = 1.0;
				PRODUCT_BUNDLE_IDENTIFIER = com.abhi.VMediaDemo;
				PRODUCT_NAME = "$(TARGET_NAME)";
				SWIFT_EMIT_LOC_STRINGS = YES;
				SWIFT_VERSION = 5.0;
				TARGETED_DEVICE_FAMILY = "1,2";
			};
			name = Debug;
		};
		044C072D29C73795007FD191 /* Release */ = {
			isa = XCBuildConfiguration;
			buildSettings = {
				ASSETCATALOG_COMPILER_APPICON_NAME = AppIcon;
				ASSETCATALOG_COMPILER_GLOBAL_ACCENT_COLOR_NAME = AccentColor;
				CODE_SIGN_STYLE = Automatic;
				CURRENT_PROJECT_VERSION = 1;
				GENERATE_INFOPLIST_FILE = YES;
				INFOPLIST_FILE = "VMediaDemo/Supporting files/Info.plist";
				INFOPLIST_KEY_UIApplicationSupportsIndirectInputEvents = YES;
				INFOPLIST_KEY_UILaunchStoryboardName = LaunchScreen;
				INFOPLIST_KEY_UIMainStoryboardFile = Main;
				INFOPLIST_KEY_UISupportedInterfaceOrientations_iPad = "UIInterfaceOrientationPortrait UIInterfaceOrientationPortraitUpsideDown UIInterfaceOrientationLandscapeLeft UIInterfaceOrientationLandscapeRight";
				INFOPLIST_KEY_UISupportedInterfaceOrientations_iPhone = "UIInterfaceOrientationPortrait UIInterfaceOrientationLandscapeLeft UIInterfaceOrientationLandscapeRight";
				LD_RUNPATH_SEARCH_PATHS = (
					"$(inherited)",
					"@executable_path/Frameworks",
				);
				MARKETING_VERSION = 1.0;
				PRODUCT_BUNDLE_IDENTIFIER = com.abhi.VMediaDemo;
				PRODUCT_NAME = "$(TARGET_NAME)";
				SWIFT_EMIT_LOC_STRINGS = YES;
				SWIFT_VERSION = 5.0;
				TARGETED_DEVICE_FAMILY = "1,2";
			};
			name = Release;
		};
		044C072F29C73795007FD191 /* Debug */ = {
			isa = XCBuildConfiguration;
			buildSettings = {
				ALWAYS_EMBED_SWIFT_STANDARD_LIBRARIES = YES;
				BUNDLE_LOADER = "$(TEST_HOST)";
				CODE_SIGN_STYLE = Automatic;
				CURRENT_PROJECT_VERSION = 1;
				GENERATE_INFOPLIST_FILE = YES;
				IPHONEOS_DEPLOYMENT_TARGET = 16.0;
				MARKETING_VERSION = 1.0;
				PRODUCT_BUNDLE_IDENTIFIER = com.abhi.VMediaDemoTests;
				PRODUCT_NAME = "$(TARGET_NAME)";
				SWIFT_EMIT_LOC_STRINGS = NO;
				SWIFT_VERSION = 5.0;
				TARGETED_DEVICE_FAMILY = "1,2";
				TEST_HOST = "$(BUILT_PRODUCTS_DIR)/VMediaDemo.app/$(BUNDLE_EXECUTABLE_FOLDER_PATH)/VMediaDemo";
			};
			name = Debug;
		};
		044C073029C73795007FD191 /* Release */ = {
			isa = XCBuildConfiguration;
			buildSettings = {
				ALWAYS_EMBED_SWIFT_STANDARD_LIBRARIES = YES;
				BUNDLE_LOADER = "$(TEST_HOST)";
				CODE_SIGN_STYLE = Automatic;
				CURRENT_PROJECT_VERSION = 1;
				GENERATE_INFOPLIST_FILE = YES;
				IPHONEOS_DEPLOYMENT_TARGET = 16.0;
				MARKETING_VERSION = 1.0;
				PRODUCT_BUNDLE_IDENTIFIER = com.abhi.VMediaDemoTests;
				PRODUCT_NAME = "$(TARGET_NAME)";
				SWIFT_EMIT_LOC_STRINGS = NO;
				SWIFT_VERSION = 5.0;
				TARGETED_DEVICE_FAMILY = "1,2";
				TEST_HOST = "$(BUILT_PRODUCTS_DIR)/VMediaDemo.app/$(BUNDLE_EXECUTABLE_FOLDER_PATH)/VMediaDemo";
			};
			name = Release;
		};
		044C073229C73795007FD191 /* Debug */ = {
			isa = XCBuildConfiguration;
			buildSettings = {
				ALWAYS_EMBED_SWIFT_STANDARD_LIBRARIES = YES;
				CODE_SIGN_STYLE = Automatic;
				CURRENT_PROJECT_VERSION = 1;
				GENERATE_INFOPLIST_FILE = YES;
				MARKETING_VERSION = 1.0;
				PRODUCT_BUNDLE_IDENTIFIER = com.abhi.VMediaDemoUITests;
				PRODUCT_NAME = "$(TARGET_NAME)";
				SWIFT_EMIT_LOC_STRINGS = NO;
				SWIFT_VERSION = 5.0;
				TARGETED_DEVICE_FAMILY = "1,2";
				TEST_TARGET_NAME = VMediaDemo;
			};
			name = Debug;
		};
		044C073329C73795007FD191 /* Release */ = {
			isa = XCBuildConfiguration;
			buildSettings = {
				ALWAYS_EMBED_SWIFT_STANDARD_LIBRARIES = YES;
				CODE_SIGN_STYLE = Automatic;
				CURRENT_PROJECT_VERSION = 1;
				GENERATE_INFOPLIST_FILE = YES;
				MARKETING_VERSION = 1.0;
				PRODUCT_BUNDLE_IDENTIFIER = com.abhi.VMediaDemoUITests;
				PRODUCT_NAME = "$(TARGET_NAME)";
				SWIFT_EMIT_LOC_STRINGS = NO;
				SWIFT_VERSION = 5.0;
				TARGETED_DEVICE_FAMILY = "1,2";
				TEST_TARGET_NAME = VMediaDemo;
			};
			name = Release;
		};
/* End XCBuildConfiguration section */

/* Begin XCConfigurationList section */
		044C06FC29C73793007FD191 /* Build configuration list for PBXProject "VMediaDemo" */ = {
			isa = XCConfigurationList;
			buildConfigurations = (
				044C072929C73795007FD191 /* Debug */,
				044C072A29C73795007FD191 /* Release */,
			);
			defaultConfigurationIsVisible = 0;
			defaultConfigurationName = Release;
		};
		044C072B29C73795007FD191 /* Build configuration list for PBXNativeTarget "VMediaDemo" */ = {
			isa = XCConfigurationList;
			buildConfigurations = (
				044C072C29C73795007FD191 /* Debug */,
				044C072D29C73795007FD191 /* Release */,
			);
			defaultConfigurationIsVisible = 0;
			defaultConfigurationName = Release;
		};
		044C072E29C73795007FD191 /* Build configuration list for PBXNativeTarget "VMediaDemoTests" */ = {
			isa = XCConfigurationList;
			buildConfigurations = (
				044C072F29C73795007FD191 /* Debug */,
				044C073029C73795007FD191 /* Release */,
			);
			defaultConfigurationIsVisible = 0;
			defaultConfigurationName = Release;
		};
		044C073129C73795007FD191 /* Build configuration list for PBXNativeTarget "VMediaDemoUITests" */ = {
			isa = XCConfigurationList;
			buildConfigurations = (
				044C073229C73795007FD191 /* Debug */,
				044C073329C73795007FD191 /* Release */,
			);
			defaultConfigurationIsVisible = 0;
			defaultConfigurationName = Release;
		};
/* End XCConfigurationList section */
	};
	rootObject = 044C06F929C73793007FD191 /* Project object */;
}
